%{
  "artificery": {:hex, :artificery, "0.4.3", "0bc4260f988dcb9dda4b23f9fc3c6c8b99a6220a331534fdf5bf2fd0d4333b02", [:mix], [], "hexpm", "12e95333a30e20884e937abdbefa3e7f5e05609c2ba8cf37b33f000b9ffc0504"},
  "base16": {:hex, :base16, "2.0.1", "f0549f732e03be8124ed0d19fd5ee52146cc8be24c48cbc3f23ab44b157f11a2", [:rebar3], [], "hexpm", "06ea2d48343282e712160ba89f692b471db8b36abe8394f3445ff9032251d772"},
  "base64url": {:hex, :base64url, "0.0.1", "36a90125f5948e3afd7be97662a1504b934dd5dac78451ca6e9abf85a10286be", [:rebar], [], "hexpm", "fab09b20e3f5db886725544cbcf875b8e73ec93363954eb8a1a9ed834aa8c1f9"},
  "bbmustache": {:hex, :bbmustache, "1.12.2", "0cabdce0db9fe6d3318131174b9f2b351328a4c0afbeb3e6e99bb0e02e9b621d", [:rebar3], [], "hexpm", "688b33a4d5cc2d51f575adf0b3683fc40a38314a2f150906edcfc77f5b577b3b"},
  "cache_tab": {:hex, :cache_tab, "1.0.30", "6d35eecfb65fbe5fc85988503a27338d32de01243f3fc8ea3ee7161af08725a4", [:rebar3], [{:p1_utils, "1.0.25", [hex: :p1_utils, repo: "hexpm", optional: false]}], "hexpm", "6d8a5e00d8f84c42627706a6dbedb02e34d58495f3ed61935c8475ca0531cda0"},
  "connection": {:hex, :connection, "1.1.0", "ff2a49c4b75b6fb3e674bfc5536451607270aac754ffd1bdfe175abe4a6d7a68", [:mix], [], "hexpm", "722c1eb0a418fbe91ba7bd59a47e28008a189d47e37e0e7bb85585a016b2869c"},
  "cowlib": {:hex, :cowlib, "2.11.0", "0b9ff9c346629256c42ebe1eeb769a83c6cb771a6ee5960bd110ab0b9b872063", [:make, :rebar3], [], "hexpm", "2b3e9da0b21c4565751a6d4901c20d1b4cc25cbb7fd50d91d2ab6dd287bc86a9"},
  "distillery": {:hex, :distillery, "2.1.1", "f9332afc2eec8a1a2b86f22429e068ef35f84a93ea1718265e740d90dd367814", [:mix], [{:artificery, "~> 0.2", [hex: :artificery, repo: "hexpm", optional: false]}], "hexpm", "bbc7008b0161a6f130d8d903b5b3232351fccc9c31a991f8fcbf2a12ace22995"},
  "eimp": {:hex, :eimp, "1.0.22", "fa9b376ef0b50e8455db15c7c11dea4522c6902e04412288aab436d26335f6eb", [:rebar3], [{:p1_utils, "1.0.25", [hex: :p1_utils, repo: "hexpm", optional: false]}], "hexpm", "b3b9ffb1d9a5f4a2ba88ac418a819164932d9a9d3a2fc3d32ca338ce855c4392"},
  "ejabberd": {:hex, :ejabberd, "21.7.0", "63e6227e5a29b9ca4e80b1e788f0de066abc9308906a00dc6b90dc51d265f409", [:mix, :rebar3], [{:base64url, "~> 0.0.1", [hex: :base64url, repo: "hexpm", optional: false]}, {:cache_tab, "~> 1.0", [hex: :cache_tab, repo: "hexpm", optional: false]}, {:distillery, "~> 2.0", [hex: :distillery, repo: "hexpm", optional: false]}, {:eimp, "~> 1.0", [hex: :eimp, repo: "hexpm", optional: false]}, {:esip, "~> 1.0", [hex: :esip, repo: "hexpm", optional: false]}, {:ezlib, "~> 1.0", [hex: :ezlib, repo: "hexpm", optional: false]}, {:fast_tls, "~> 1.1", [hex: :fast_tls, repo: "hexpm", optional: false]}, {:fast_xml, "~> 1.1", [hex: :fast_xml, repo: "hexpm", optional: false]}, {:fast_yaml, "~> 1.0", [hex: :fast_yaml, repo: "hexpm", optional: false]}, {:idna, "~> 6.0", [hex: :idna, repo: "hexpm", optional: false]}, {:jiffy, "~> 1.0.5", [hex: :jiffy, repo: "hexpm", optional: false]}, {:jose, "~> 1.8", [hex: :jose, repo: "hexpm", optional: false]}, {:lager, "~> 3.9.1", [hex: :lager, repo: "hexpm", optional: false]}, {:mqtree, "~> 1.0", [hex: :mqtree, repo: "hexpm", optional: false]}, {:p1_acme, "~> 1.0", [hex: :p1_acme, repo: "hexpm", optional: false]}, {:p1_mysql, "~> 1.0", [hex: :p1_mysql, repo: "hexpm", optional: false]}, {:p1_oauth2, "~> 0.6", [hex: :p1_oauth2, repo: "hexpm", optional: false]}, {:p1_pgsql, "~> 1.1", [hex: :p1_pgsql, repo: "hexpm", optional: false]}, {:p1_utils, "~> 1.0", [hex: :p1_utils, repo: "hexpm", optional: false]}, {:pkix, "~> 1.0", [hex: :pkix, repo: "hexpm", optional: false]}, {:stringprep, ">= 1.0.26", [hex: :stringprep, repo: "hexpm", optional: false]}, {:stun, "~> 1.0", [hex: :stun, repo: "hexpm", optional: false]}, {:xmpp, "~> 1.5", [hex: :xmpp, repo: "hexpm", optional: false]}, {:yconf, "~> 1.0", [hex: :yconf, repo: "hexpm", optional: false]}], "hexpm", "cdf24749fe8776af293c4a37d225c7468ebae4adbddc87b83f004100f1268dc5"},
  "elixir_make": {:hex, :elixir_make, "0.7.7", "7128c60c2476019ed978210c245badf08b03dbec4f24d05790ef791da11aa17c", [:mix], [{:castore, "~> 0.1 or ~> 1.0", [hex: :castore, repo: "hexpm", optional: true]}], "hexpm", "5bc19fff950fad52bbe5f211b12db9ec82c6b34a9647da0c2224b8b8464c7e6c"},
  "escalus": {:hex, :escalus, "4.2.10", "3640c7ea77bce0e5191751d9a02ef3a68cd0005f2705ec19026dfd96577d0434", [:make, :rebar], [{:base16, "2.0.1", [hex: :base16, repo: "hexpm", optional: false]}, {:bbmustache, "1.12.2", [hex: :bbmustache, repo: "hexpm", optional: false]}, {:exml, "~> 3.2.2", [hex: :hexml, repo: "hexpm", optional: false]}, {:fast_scram, "0.4.4", [hex: :fast_scram, repo: "hexpm", optional: false]}, {:fast_tls, "1.1.16", [hex: :fast_tls, repo: "hexpm", optional: false]}, {:gun, "2.0.0-rc.2", [hex: :gun, repo: "hexpm", optional: false]}, {:meck, "0.9.2", [hex: :meck, repo: "hexpm", optional: false]}, {:uuid, "~> 2.0.5", [hex: :uuid_erl, repo: "hexpm", optional: false]}, {:worker_pool, "6.0.1", [hex: :worker_pool, repo: "hexpm", optional: false]}], "hexpm", "08a84cab2edce5f69ea5b93f039e6d7047fb3ff10cbd5b5ab855ee3144743b56"},
  "esip": {:hex, :esip, "1.0.50", "e657d3af332c711311f4eb540e73eb540ea485a25977aef8736fb8cd3845ed9f", [:rebar3], [{:fast_tls, "1.1.16", [hex: :fast_tls, repo: "hexpm", optional: false]}, {:p1_utils, "1.0.25", [hex: :p1_utils, repo: "hexpm", optional: false]}, {:stun, "1.2.10", [hex: :stun, repo: "hexpm", optional: false]}], "hexpm", "7dfb9f16c65c5e49eeba77025d0f894b5fb240be745d11b978ea1438cd47533d"},
  "ex_image_info": {:hex, :ex_image_info, "0.2.4", "610002acba43520a9b1cf1421d55812bde5b8a8aeaf1fe7b1f8823e84e762adb", [:mix], [], "hexpm", "fd1a7e02664e3b14dfd3b231d22fdd48bd3dd694c4773e6272b3a6228f1106bc"},
  "exml": {:hex, :hexml, "3.2.2", "64d99a630dc0161645dff0d28b1c089a90827b7849232616636bc32aeba76723", [:rebar3], [], "hexpm", "8af1f6bedecfd0137dc42887bfb9a3f80bb46d390178d6feda6acdcfd0e14d87"},
  "ezlib": {:hex, :ezlib, "1.0.12", "ffe906ba10d03aaee7977e1e0e81d9ffc3bb8b47fb9cd8e2e453507a2e56221f", [:rebar3], [{:p1_utils, "1.0.25", [hex: :p1_utils, repo: "hexpm", optional: false]}], "hexpm", "30e94355fb42260aab6e12582cb0c56bf233515e655c8aeaf48760e7561e4ebb"},
  "fast_pbkdf2": {:hex, :fast_pbkdf2, "1.0.3", "4f09d6c6c20dbee1970e0a6ae91432e1b7731f88426c671d083bac31ffa1fdad", [:rebar3], [], "hexpm", "2900431e2e6402f23a92754448bbd949da366bc9c984fdc791ddcfcc41042434"},
  "fast_scram": {:hex, :fast_scram, "0.4.4", "299a2d430955a62a94cb43b1a727c5d21a5c4bd11aeba476ae2f3a24cfbe89c3", [:rebar3], [{:fast_pbkdf2, "1.0.3", [hex: :fast_pbkdf2, repo: "hexpm", optional: false]}], "hexpm", "4b30084e3bdb39158076381fc871035befd157d5ee614bda5e19ea482855e5d5"},
  "fast_tls": {:hex, :fast_tls, "1.1.16", "85fa7f3112ea4ff5ccb4f3abadc130a8c855ad74eb00869487399cb0c322d208", [:rebar3], [{:p1_utils, "1.0.25", [hex: :p1_utils, repo: "hexpm", optional: false]}], "hexpm", "aa08cca89b4044e74f1f12e399817d8beaeae3ee006c98a893c0bfb1d81fba51"},
  "fast_xml": {:hex, :fast_xml, "1.1.49", "67d9bfcadd04efd930e0ee1412b5ea09d3e791f1fdbd4d3e9a8c8f29f8bfed8c", [:rebar3], [{:p1_utils, "1.0.25", [hex: :p1_utils, repo: "hexpm", optional: false]}], "hexpm", "01da064d2f740818956961036637fee2475c17bf8aab9442217f90dc77883593"},
  "fast_yaml": {:hex, :fast_yaml, "1.0.36", "65413a34a570fd4e205a460ba602e4ee7a682f35c22d2e1c839025dbf515105c", [:rebar3], [{:p1_utils, "1.0.25", [hex: :p1_utils, repo: "hexpm", optional: false]}], "hexpm", "1abe8f758fc2a86b08edff80bbc687cfd41ebc1412cfec0ef4a0acfcd032052f"},
  "font_metrics": {:hex, :font_metrics, "0.5.1", "10ce0b8b1bf092a2d3d307e05a7c433787ae8ca7cd1f3cf959995a628809a994", [:mix], [{:nimble_options, "~> 0.3", [hex: :nimble_options, repo: "hexpm", optional: false]}], "hexpm", "192e4288772839ae4dadccb0f5b1d5c89b73a0c3961ccea14b6181fdcd535e54"},
  "goldrush": {:hex, :goldrush, "0.1.9", "f06e5d5f1277da5c413e84d5a2924174182fb108dabb39d5ec548b27424cd106", [:rebar3], [], "hexpm", "99cb4128cffcb3227581e5d4d803d5413fa643f4eb96523f77d9e6937d994ceb"},
  "gun": {:hex, :gun, "2.0.0-rc.2", "7c489a32dedccb77b6e82d1f3c5a7dadfbfa004ec14e322cdb5e579c438632d2", [:make, :rebar3], [{:cowlib, "2.11.0", [hex: :cowlib, repo: "hexpm", optional: false]}], "hexpm", "6b9d1eae146410d727140dbf8b404b9631302ecc2066d1d12f22097ad7d254fc"},
  "hedwig": {:hex, :hedwig, "1.0.1", "0e92de2ef19fee826958a4400959ff9064b03203ccffd074ef5e22f3e587eaaf", [:mix], [], "hexpm", "0a9d0278877f2ec868238efd648ea4a201bef0b15d702c376329d9cb0bf636f1"},
  "hedwig_xmpp": {:hex, :hedwig_xmpp, "1.0.0", "e80be354d383225b64d7b81620f079715a95923b1fd6c70bf9b9ddb06d036462", [:mix], [{:hedwig, "~> 1.0", [hex: :hedwig, repo: "hexpm", optional: false]}, {:romeo, "~> 0.7", [hex: :romeo, repo: "hexpm", optional: false]}], "hexpm", "bbacdf89ad245465e98f953b5b590068c44fc7b28808cfbb51118e83b286e723"},
  "idna": {:hex, :idna, "6.0.0", "689c46cbcdf3524c44d5f3dde8001f364cd7608a99556d8fbd8239a5798d4c10", [:rebar3], [{:unicode_util_compat, "0.4.1", [hex: :unicode_util_compat, repo: "hexpm", optional: false]}], "hexpm", "4bdd305eb64e18b0273864920695cb18d7a2021f31a11b9c5fbcd9a253f936e2"},
  "input_event": {:hex, :input_event, "1.4.2", "8ad280387595110cf4ac4d92cfcfd2f5d61f7285084f35adc5feec077df23058", [:make, :mix], [{:elixir_make, "~> 0.6", [hex: :elixir_make, repo: "hexpm", optional: false]}], "hexpm", "eb12e3a5d83f2c570d965ad0a5de7bea7c9f387b425ae882c00f3a2a00971e3f"},
  "jiffy": {:hex, :jiffy, "1.0.9", "f153cf016aadca218fc4ee0ff18b4772741c5afbc6fd4228e41ac1aac0d58ee9", [:rebar3], [], "hexpm", "4099027645539731a49cbee9d0447cc9942aa8f71f8b5f73399853b12321e0d5"},
  "jose": {:hex, :jose, "1.9.0", "4167c5f6d06ffaebffd15cdb8da61a108445ef5e85ab8f5a7ad926fdf3ada154", [:mix, :rebar3], [{:base64url, "~> 0.0.1", [hex: :base64url, repo: "hexpm", optional: false]}], "hexpm", "6429c4fee52b2dda7861ee19a4f09c8c1ffa213bee3a1ec187828fde95d447ed"},
  "lager": {:hex, :lager, "3.9.2", "4cab289120eb24964e3886bd22323cb5fefe4510c076992a23ad18cf85413d8c", [:rebar3], [{:goldrush, "0.1.9", [hex: :goldrush, repo: "hexpm", optional: false]}], "hexpm", "7f904d9e87a8cb7e66156ed31768d1c8e26eba1d54f4bc85b1aa4ac1f6340c28"},
  "meck": {:hex, :meck, "0.9.2", "85ccbab053f1db86c7ca240e9fc718170ee5bda03810a6292b5306bf31bae5f5", [:rebar3], [], "hexpm", "81344f561357dc40a8344afa53767c32669153355b626ea9fcbc8da6b3045826"},
  "mqtree": {:hex, :mqtree, "1.0.15", "bc54d8b88698fdaebc1e27a9ac43688b927e3dbc05bd5cee4057e69a89a8cf17", [:rebar3], [{:p1_utils, "1.0.25", [hex: :p1_utils, repo: "hexpm", optional: false]}], "hexpm", "294ac43c9b3d372e24eeea56c259e19c655522dcff64a55c401a639663b9d829"},
  "nimble_options": {:hex, :nimble_options, "0.5.2", "42703307b924880f8c08d97719da7472673391905f528259915782bb346e0a1b", [:mix], [], "hexpm", "4da7f904b915fd71db549bcdc25f8d56f378ef7ae07dc1d372cbe72ba950dce0"},
  "p1_acme": {:hex, :p1_acme, "1.0.12", "e51a9e178441669ac06fc5f335ed8ef3343fda67ec83bbbf9551c49967d5f401", [:rebar3], [{:idna, "~> 6.0.0", [hex: :idna, repo: "hexpm", optional: false]}, {:jiffy, "~> 1.0.5", [hex: :jiffy, repo: "hexpm", optional: false]}, {:jose, "~> 1.9.0", [hex: :jose, repo: "hexpm", optional: false]}, {:yconf, "~> 1.0.11", [hex: :yconf, repo: "hexpm", optional: false]}], "hexpm", "9a98f523c656b159be3222c9834a07a83cd5f9dc83f8dec9233a457fceef99a6"},
  "p1_mysql": {:hex, :p1_mysql, "1.0.22", "593107adbce3df1bb460fd442320ff540dfba0232f45278441ef8d2de8d08163", [:rebar3], [], "hexpm", "188f04b3ba265a6e7657c67a6780a2f5f973fe86670159ef593aaf44dbd3d5a2"},
  "p1_oauth2": {:hex, :p1_oauth2, "0.6.11", "96b4e85c08355720523c2f892011a81a07994d15c179ce4dd82d704fecad15b2", [:rebar3], [], "hexpm", "9c3c6ae59382b9525473bb02a32949889808f33f95f6db10594fd92acd1f63db"},
  "p1_pgsql": {:hex, :p1_pgsql, "1.1.23", "4a8c17b642dcf5265a910d1a0b86ffb2a9dd057c7b51c3def5eacbcc4f27ced9", [:rebar3], [{:xmpp, "1.7.0", [hex: :xmpp, repo: "hexpm", optional: false]}], "hexpm", "819222bcb5a74581263282ff9cdc679adeefc663dcf49ddc778aeaae90be05a6"},
  "p1_utils": {:hex, :p1_utils, "1.0.25", "2d39b5015a567bbd2cc7033eeb93a7c60d8c84efe1ef69a3473faa07fa268187", [:rebar3], [], "hexpm", "9219214428f2c6e5d3187ff8eb9a8783695c2427420be9a259840e07ada32847"},
  "pkix": {:hex, :pkix, "1.0.9", "eb20b2715d71a23b4fe7e754dae9281a964b51113d0bba8adf9da72bf9d65ac2", [:rebar3], [], "hexpm", "daab2c09cdd4eda05c9b45a5c00e994a1a5f27634929e1377e2e59b707103e3a"},
  "quickrand": {:hex, :quickrand, "2.0.7", "d2bd76676a446e6a058d678444b7fda1387b813710d1af6d6e29bb92186c8820", [:rebar3], [], "hexpm", "b8acbf89a224bc217c3070ca8bebc6eb236dbe7f9767993b274084ea044d35f0"},
  "romeo": {:hex, :romeo, "0.7.0", "17e46830e49eff4d70e59147e808cd3f5f79912bb90a006afe5a8bb4355c29b3", [:mix], [{:connection, "~> 1.0", [hex: :connection, repo: "hexpm", optional: false]}, {:fast_xml, "~> 1.1", [hex: :fast_xml, repo: "hexpm", optional: false]}], "hexpm", "1ef9572e05c1f967356e1707a0a058abc6328ccdea7a8180981ef52352c83a3a"},
  "scenic": {:hex, :scenic, "0.11.2", "5d29aac74ee85899651716af47f72d167d064939fc2b4e514cd7c43810293cda", [:make, :mix], [{:elixir_make, "~> 0.7.7", [hex: :elixir_make, repo: "hexpm", optional: false]}, {:ex_image_info, "~> 0.2.4", [hex: :ex_image_info, repo: "hexpm", optional: false]}, {:font_metrics, "~> 0.5.0", [hex: :font_metrics, repo: "hexpm", optional: false]}, {:nimble_options, "~> 0.3.4 or ~> 0.4.0 or ~> 0.5.0 or ~> 1.0", [hex: :nimble_options, repo: "hexpm", optional: false]}, {:truetype_metrics, "~> 0.6", [hex: :truetype_metrics, repo: "hexpm", optional: false]}], "hexpm", "6f846cfe8457163d28ad6b8b147d251bd15524c249ddad3e75608cbdb739beaa"},
  "scenic_driver_local": {:hex, :scenic_driver_local, "0.11.0", "c26f7665c3d4aa634a0f8873bd958cb3bfcc99cb96e2381422de3e78d244357c", [:make, :mix], [{:elixir_make, "~> 0.6", [hex: :elixir_make, repo: "hexpm", optional: false]}, {:input_event, "~> 0.4 or ~> 1.0", [hex: :input_event, repo: "hexpm", optional: false]}, {:scenic, "~> 0.11.0", [hex: :scenic, repo: "hexpm", optional: false]}], "hexpm", "77b27b82a8fe41d5fade5c88cf413af098d3f3d56717c988097e7902ab9b9d03"},
  "stringprep": {:hex, :stringprep, "1.0.29", "02f23e8c3a219a3dfe40a22e908bece3a2f68af0ff599ea8a7b714ecb21e62ee", [:rebar3], [{:p1_utils, "1.0.25", [hex: :p1_utils, repo: "hexpm", optional: false]}], "hexpm", "928eba304c3006eb1512110ebd7b87db163b00859a09375a1e4466152c6c462a"},
  "stun": {:hex, :stun, "1.2.10", "53f8be69e14f9476dcaf1dfb626b9dad2380f3fba8faf2c30bdf74311cfdc008", [:rebar3], [{:fast_tls, "1.1.16", [hex: :fast_tls, repo: "hexpm", optional: false]}, {:p1_utils, "1.0.25", [hex: :p1_utils, repo: "hexpm", optional: false]}], "hexpm", "19d3eecbfcc6935f0880f8ef7e77ff373900c604092937a1acda166ae3fb40e9"},
  "styler": {:hex, :styler, "0.10.2", "e00d88032002da8882f1010079861cf4603b46bf50e40bb662b3e6311c295b13", [:mix], [], "hexpm", "b32766d9993ee04abe1229436f4654fcfaa530ce9d270cb0532d93b156e35fbf"},
  "truetype_metrics": {:hex, :truetype_metrics, "0.6.1", "9119a04dc269dd8f63e85e12e4098f711cb7c5204a420f4896f40667b9e064f6", [:mix], [{:font_metrics, "~> 0.5", [hex: :font_metrics, repo: "hexpm", optional: false]}], "hexpm", "5711d4a3e4fc92eb073326fbe54208925d35168dc9b288c331ee666a8a84759b"},
  "unicode_util_compat": {:hex, :unicode_util_compat, "0.4.1", "d869e4c68901dd9531385bb0c8c40444ebf624e60b6962d95952775cac5e90cd", [:rebar3], [], "hexpm", "1d1848c40487cdb0b30e8ed975e34e025860c02e419cb615d255849f3427439d"},
  "uuid": {:hex, :uuid_erl, "2.0.7", "b2078d2cc814f53afa52d36c91e08962c7e7373585c623f4c0ea6dfb04b2af94", [:rebar3], [{:quickrand, ">= 2.0.7", [hex: :quickrand, repo: "hexpm", optional: false]}], "hexpm", "4e4c5ca3461dc47c5e157ed42aa3981a053b7a186792af972a27b14a9489324e"},
  "worker_pool": {:hex, :worker_pool, "6.0.1", "ca262c2dfb3b4af661b206c82065d86f83922b7227508aa6e0bc34d3e5ae5135", [:rebar3], [], "hexpm", "772e12ccb26909ea7f804b52e86e733df66bb8150f683b591b0a762196494c74"},
  "xmpp": {:hex, :xmpp, "1.7.0", "2c3034ed501c9ccb7a5e73a462a74e082b4cf9f485bb551732e56fb15106dac9", [:rebar3], [{:ezlib, "1.0.12", [hex: :ezlib, repo: "hexpm", optional: false]}, {:fast_tls, "1.1.16", [hex: :fast_tls, repo: "hexpm", optional: false]}, {:fast_xml, "1.1.49", [hex: :fast_xml, repo: "hexpm", optional: false]}, {:idna, "6.0.0", [hex: :idna, repo: "hexpm", optional: false]}, {:p1_utils, "1.0.25", [hex: :p1_utils, repo: "hexpm", optional: false]}, {:stringprep, "1.0.29", [hex: :stringprep, repo: "hexpm", optional: false]}], "hexpm", "821bc8e2c4b288c031aa95aca17f3b215ed9bd634b7448d0f273baf8f6a46243"},
  "yconf": {:hex, :yconf, "1.0.15", "e22998b3d7728270bdd06162a9515bd142b14fae8927cbdbd3ef639c32aa6f7a", [:rebar3], [{:fast_yaml, "1.0.36", [hex: :fast_yaml, repo: "hexpm", optional: false]}], "hexpm", "7ff2ab24d3c9833842716b9aaaa01a8f96641a7695cbb701b03445c4def01117"},
}
